// !$*UTF8*$!
{
	archiveVersion = 1;
	classes = {
	};
	objectVersion = 50;
	objects = {

/* Begin PBXBuildFile section */
		619E874C22445E96009593E3 /* AppDelegate.swift in Sources */ = {isa = PBXBuildFile; fileRef = 619E874B22445E96009593E3 /* AppDelegate.swift */; };
		619E874E22445E96009593E3 /* ViewController.swift in Sources */ = {isa = PBXBuildFile; fileRef = 619E874D22445E96009593E3 /* ViewController.swift */; };
		619E875122445E96009593E3 /* Main.storyboard in Resources */ = {isa = PBXBuildFile; fileRef = 619E874F22445E96009593E3 /* Main.storyboard */; };
		619E875322445E97009593E3 /* Assets.xcassets in Resources */ = {isa = PBXBuildFile; fileRef = 619E875222445E97009593E3 /* Assets.xcassets */; };
		619E875622445E97009593E3 /* LaunchScreen.storyboard in Resources */ = {isa = PBXBuildFile; fileRef = 619E875422445E97009593E3 /* LaunchScreen.storyboard */; };
		619E875E22446266009593E3 /* Wrapper.swift in Sources */ = {isa = PBXBuildFile; fileRef = 619E875D22446266009593E3 /* Wrapper.swift */; };
		619E876022446296009593E3 /* Data.swift in Sources */ = {isa = PBXBuildFile; fileRef = 619E875F22446296009593E3 /* Data.swift */; };
		619E876222446404009593E3 /* Ext.swift in Sources */ = {isa = PBXBuildFile; fileRef = 619E876122446404009593E3 /* Ext.swift */; };
		619E8764224464FE009593E3 /* ItemCell.swift in Sources */ = {isa = PBXBuildFile; fileRef = 619E8763224464FE009593E3 /* ItemCell.swift */; };
		619E876622447440009593E3 /* Header.swift in Sources */ = {isa = PBXBuildFile; fileRef = 619E876522447440009593E3 /* Header.swift */; };
		619E8768224478AE009593E3 /* Embedded.swift in Sources */ = {isa = PBXBuildFile; fileRef = 619E8767224478AE009593E3 /* Embedded.swift */; };
		619E876A22447AD1009593E3 /* ElementCell.swift in Sources */ = {isa = PBXBuildFile; fileRef = 619E876922447AD1009593E3 /* ElementCell.swift */; };
/* End PBXBuildFile section */

/* Begin PBXFileReference section */
		619E874822445E96009593E3 /* collections.app */ = {isa = PBXFileReference; explicitFileType = wrapper.application; includeInIndex = 0; path = collections.app; sourceTree = BUILT_PRODUCTS_DIR; };
		619E874B22445E96009593E3 /* AppDelegate.swift */ = {isa = PBXFileReference; lastKnownFileType = sourcecode.swift; path = AppDelegate.swift; sourceTree = "<group>"; };
		619E874D22445E96009593E3 /* ViewController.swift */ = {isa = PBXFileReference; lastKnownFileType = sourcecode.swift; path = ViewController.swift; sourceTree = "<group>"; };
		619E875022445E96009593E3 /* Base */ = {isa = PBXFileReference; lastKnownFileType = file.storyboard; name = Base; path = Base.lproj/Main.storyboard; sourceTree = "<group>"; };
		619E875222445E97009593E3 /* Assets.xcassets */ = {isa = PBXFileReference; lastKnownFileType = folder.assetcatalog; path = Assets.xcassets; sourceTree = "<group>"; };
		619E875522445E97009593E3 /* Base */ = {isa = PBXFileReference; lastKnownFileType = file.storyboard; name = Base; path = Base.lproj/LaunchScreen.storyboard; sourceTree = "<group>"; };
		619E875722445E97009593E3 /* Info.plist */ = {isa = PBXFileReference; lastKnownFileType = text.plist.xml; path = Info.plist; sourceTree = "<group>"; };
		619E875D22446266009593E3 /* Wrapper.swift */ = {isa = PBXFileReference; lastKnownFileType = sourcecode.swift; path = Wrapper.swift; sourceTree = "<group>"; };
		619E875F22446296009593E3 /* Data.swift */ = {isa = PBXFileReference; lastKnownFileType = sourcecode.swift; path = Data.swift; sourceTree = "<group>"; };
		619E876122446404009593E3 /* Ext.swift */ = {isa = PBXFileReference; lastKnownFileType = sourcecode.swift; path = Ext.swift; sourceTree = "<group>"; };
		619E8763224464FE009593E3 /* ItemCell.swift */ = {isa = PBXFileReference; lastKnownFileType = sourcecode.swift; path = ItemCell.swift; sourceTree = "<group>"; };
		619E876522447440009593E3 /* Header.swift */ = {isa = PBXFileReference; lastKnownFileType = sourcecode.swift; path = Header.swift; sourceTree = "<group>"; };
		619E8767224478AE009593E3 /* Embedded.swift */ = {isa = PBXFileReference; lastKnownFileType = sourcecode.swift; path = Embedded.swift; sourceTree = "<group>"; };
		619E876922447AD1009593E3 /* ElementCell.swift */ = {isa = PBXFileReference; lastKnownFileType = sourcecode.swift; path = ElementCell.swift; sourceTree = "<group>"; };
/* End PBXFileReference section */

/* Begin PBXFrameworksBuildPhase section */
		619E874522445E96009593E3 /* Frameworks */ = {
			isa = PBXFrameworksBuildPhase;
			buildActionMask = 2147483647;
			files = (
			);
			runOnlyForDeploymentPostprocessing = 0;
		};
/* End PBXFrameworksBuildPhase section */

/* Begin PBXGroup section */
		619E873F22445E96009593E3 = {
			isa = PBXGroup;
			children = (
				619E874A22445E96009593E3 /* collections */,
				619E874922445E96009593E3 /* Products */,
			);
			sourceTree = "<group>";
		};
		619E874922445E96009593E3 /* Products */ = {
			isa = PBXGroup;
			children = (
				619E874822445E96009593E3 /* collections.app */,
			);
			name = Products;
			sourceTree = "<group>";
		};
		619E874A22445E96009593E3 /* collections */ = {
			isa = PBXGroup;
			children = (
				619E876B2244877D009593E3 /* Collection with two sections and headers */,
				619E874B22445E96009593E3 /* AppDelegate.swift */,
				619E874D22445E96009593E3 /* ViewController.swift */,
				619E874F22445E96009593E3 /* Main.storyboard */,
				619E875222445E97009593E3 /* Assets.xcassets */,
				619E875422445E97009593E3 /* LaunchScreen.storyboard */,
				619E875722445E97009593E3 /* Info.plist */,
				619E876122446404009593E3 /* Ext.swift */,
			);
			path = collections;
			sourceTree = "<group>";
		};
		619E876B2244877D009593E3 /* Collection with two sections and headers */ = {
			isa = PBXGroup;
			children = (
				619E875F22446296009593E3 /* Data.swift */,
				619E876922447AD1009593E3 /* ElementCell.swift */,
				619E875D22446266009593E3 /* Wrapper.swift */,
				619E876522447440009593E3 /* Header.swift */,
				619E8767224478AE009593E3 /* Embedded.swift */,
				619E8763224464FE009593E3 /* ItemCell.swift */,
			);
			path = "Collection with two sections and headers";
			sourceTree = "<group>";
		};
/* End PBXGroup section */

/* Begin PBXNativeTarget section */
		619E874722445E96009593E3 /* collections */ = {
			isa = PBXNativeTarget;
			buildConfigurationList = 619E875A22445E97009593E3 /* Build configuration list for PBXNativeTarget "collections" */;
			buildPhases = (
				619E874422445E96009593E3 /* Sources */,
				619E874522445E96009593E3 /* Frameworks */,
				619E874622445E96009593E3 /* Resources */,
			);
			buildRules = (
			);
			dependencies = (
			);
			name = collections;
			productName = collections;
			productReference = 619E874822445E96009593E3 /* collections.app */;
			productType = "com.apple.product-type.application";
		};
/* End PBXNativeTarget section */

/* Begin PBXProject section */
		619E874022445E96009593E3 /* Project object */ = {
			isa = PBXProject;
			attributes = {
				LastSwiftUpdateCheck = 1010;
				LastUpgradeCheck = 1010;
				ORGANIZATIONNAME = "Alexander Popov";
				TargetAttributes = {
					619E874722445E96009593E3 = {
						CreatedOnToolsVersion = 10.1;
					};
				};
			};
			buildConfigurationList = 619E874322445E96009593E3 /* Build configuration list for PBXProject "collections" */;
			compatibilityVersion = "Xcode 9.3";
			developmentRegion = en;
			hasScannedForEncodings = 0;
			knownRegions = (
				en,
				Base,
			);
			mainGroup = 619E873F22445E96009593E3;
			productRefGroup = 619E874922445E96009593E3 /* Products */;
			projectDirPath = "";
			projectRoot = "";
			targets = (
				619E874722445E96009593E3 /* collections */,
			);
		};
/* End PBXProject section */

/* Begin PBXResourcesBuildPhase section */
		619E874622445E96009593E3 /* Resources */ = {
			isa = PBXResourcesBuildPhase;
			buildActionMask = 2147483647;
			files = (
				619E875622445E97009593E3 /* LaunchScreen.storyboard in Resources */,
				619E875322445E97009593E3 /* Assets.xcassets in Resources */,
				619E875122445E96009593E3 /* Main.storyboard in Resources */,
			);
			runOnlyForDeploymentPostprocessing = 0;
		};
/* End PBXResourcesBuildPhase section */

/* Begin PBXSourcesBuildPhase section */
		619E874422445E96009593E3 /* Sources */ = {
			isa = PBXSourcesBuildPhase;
			buildActionMask = 2147483647;
			files = (
				619E874E22445E96009593E3 /* ViewController.swift in Sources */,
				619E874C22445E96009593E3 /* AppDelegate.swift in Sources */,
				619E8764224464FE009593E3 /* ItemCell.swift in Sources */,
				619E876A22447AD1009593E3 /* ElementCell.swift in Sources */,
				619E8768224478AE009593E3 /* Embedded.swift in Sources */,
				619E876622447440009593E3 /* Header.swift in Sources */,
				619E875E22446266009593E3 /* Wrapper.swift in Sources */,
				619E876022446296009593E3 /* Data.swift in Sources */,
				619E876222446404009593E3 /* Ext.swift in Sources */,
			);
			runOnlyForDeploymentPostprocessing = 0;
		};
/* End PBXSourcesBuildPhase section */

/* Begin PBXVariantGroup section */
		619E874F22445E96009593E3 /* Main.storyboard */ = {
			isa = PBXVariantGroup;
			children = (
				619E875022445E96009593E3 /* Base */,
			);
			name = Main.storyboard;
			sourceTree = "<group>";
		};
		619E875422445E97009593E3 /* LaunchScreen.storyboard */ = {
			isa = PBXVariantGroup;
			children = (
				619E875522445E97009593E3 /* Base */,
			);
			name = LaunchScreen.storyboard;
			sourceTree = "<group>";
		};
/* End PBXVariantGroup section */

/* Begin XCBuildConfiguration section */
		619E875822445E97009593E3 /* Debug */ = {
			isa = XCBuildConfiguration;
			buildSettings = {
				ALWAYS_SEARCH_USER_PATHS = NO;
				CLANG_ANALYZER_NONNULL = YES;
				CLANG_ANALYZER_NUMBER_OBJECT_CONVERSION = YES_AGGRESSIVE;
				CLANG_CXX_LANGUAGE_STANDARD = "gnu++14";
				CLANG_CXX_LIBRARY = "libc++";
				CLANG_ENABLE_MODULES = YES;
				CLANG_ENABLE_OBJC_ARC = YES;
				CLANG_ENABLE_OBJC_WEAK = YES;
				CLANG_WARN_BLOCK_CAPTURE_AUTORELEASING = YES;
				CLANG_WARN_BOOL_CONVERSION = YES;
				CLANG_WARN_COMMA = YES;
				CLANG_WARN_CONSTANT_CONVERSION = YES;
				CLANG_WARN_DEPRECATED_OBJC_IMPLEMENTATIONS = YES;
				CLANG_WARN_DIRECT_OBJC_ISA_USAGE = YES_ERROR;
				CLANG_WARN_DOCUMENTATION_COMMENTS = YES;
				CLANG_WARN_EMPTY_BODY = YES;
				CLANG_WARN_ENUM_CONVERSION = YES;
				CLANG_WARN_INFINITE_RECURSION = YES;
				CLANG_WARN_INT_CONVERSION = YES;
				CLANG_WARN_NON_LITERAL_NULL_CONVERSION = YES;
				CLANG_WARN_OBJC_IMPLICIT_RETAIN_SELF = YES;
				CLANG_WARN_OBJC_LITERAL_CONVERSION = YES;
				CLANG_WARN_OBJC_ROOT_CLASS = YES_ERROR;
				CLANG_WARN_RANGE_LOOP_ANALYSIS = YES;
				CLANG_WARN_STRICT_PROTOTYPES = YES;
				CLANG_WARN_SUSPICIOUS_MOVE = YES;
				CLANG_WARN_UNGUARDED_AVAILABILITY = YES_AGGRESSIVE;
				CLANG_WARN_UNREACHABLE_CODE = YES;
				CLANG_WARN__DUPLICATE_METHOD_MATCH = YES;
				CODE_SIGN_IDENTITY = "iPhone Developer";
				COPY_PHASE_STRIP = NO;
				DEBUG_INFORMATION_FORMAT = dwarf;
				ENABLE_STRICT_OBJC_MSGSEND = YES;
				ENABLE_TESTABILITY = YES;
				GCC_C_LANGUAGE_STANDARD = gnu11;
				GCC_DYNAMIC_NO_PIC = NO;
				GCC_NO_COMMON_BLOCKS = YES;
				GCC_OPTIMIZATION_LEVEL = 0;
				GCC_PREPROCESSOR_DEFINITIONS = (
					"DEBUG=1",
					"$(inherited)",
				);
				GCC_WARN_64_TO_32_BIT_CONVERSION = YES;
				GCC_WARN_ABOUT_RETURN_TYPE = YES_ERROR;
				GCC_WARN_UNDECLARED_SELECTOR = YES;
				GCC_WARN_UNINITIALIZED_AUTOS = YES_AGGRESSIVE;
				GCC_WARN_UNUSED_FUNCTION = YES;
				GCC_WARN_UNUSED_VARIABLE = YES;
				IPHONEOS_DEPLOYMENT_TARGET = 12.1;
				MTL_ENABLE_DEBUG_INFO = INCLUDE_SOURCE;
				MTL_FAST_MATH = YES;
				ONLY_ACTIVE_ARCH = YES;
				SDKROOT = iphoneos;
				SWIFT_ACTIVE_COMPILATION_CONDITIONS = DEBUG;
				SWIFT_OPTIMIZATION_LEVEL = "-Onone";
			};
			name = Debug;
		};
		619E875922445E97009593E3 /* Release */ = {
			isa = XCBuildConfiguration;
			buildSettings = {
				ALWAYS_SEARCH_USER_PATHS = NO;
				CLANG_ANALYZER_NONNULL = YES;
				CLANG_ANALYZER_NUMBER_OBJECT_CONVERSION = YES_AGGRESSIVE;
				CLANG_CXX_LANGUAGE_STANDARD = "gnu++14";
				CLANG_CXX_LIBRARY = "libc++";
				CLANG_ENABLE_MODULES = YES;
				CLANG_ENABLE_OBJC_ARC = YES;
				CLANG_ENABLE_OBJC_WEAK = YES;
				CLANG_WARN_BLOCK_CAPTURE_AUTORELEASING = YES;
				CLANG_WARN_BOOL_CONVERSION = YES;
				CLANG_WARN_COMMA = YES;
				CLANG_WARN_CONSTANT_CONVERSION = YES;
				CLANG_WARN_DEPRECATED_OBJC_IMPLEMENTATIONS = YES;
				CLANG_WARN_DIRECT_OBJC_ISA_USAGE = YES_ERROR;
				CLANG_WARN_DOCUMENTATION_COMMENTS = YES;
				CLANG_WARN_EMPTY_BODY = YES;
				CLANG_WARN_ENUM_CONVERSION = YES;
				CLANG_WARN_INFINITE_RECURSION = YES;
				CLANG_WARN_INT_CONVERSION = YES;
				CLANG_WARN_NON_LITERAL_NULL_CONVERSION = YES;
				CLANG_WARN_OBJC_IMPLICIT_RETAIN_SELF = YES;
				CLANG_WARN_OBJC_LITERAL_CONVERSION = YES;
				CLANG_WARN_OBJC_ROOT_CLASS = YES_ERROR;
				CLANG_WARN_RANGE_LOOP_ANALYSIS = YES;
				CLANG_WARN_STRICT_PROTOTYPES = YES;
				CLANG_WARN_SUSPICIOUS_MOVE = YES;
				CLANG_WARN_UNGUARDED_AVAILABILITY = YES_AGGRESSIVE;
				CLANG_WARN_UNREACHABLE_CODE = YES;
				CLANG_WARN__DUPLICATE_METHOD_MATCH = YES;
				CODE_SIGN_IDENTITY = "iPhone Developer";
				COPY_PHASE_STRIP = NO;
				DEBUG_INFORMATION_FORMAT = "dwarf-with-dsym";
				ENABLE_NS_ASSERTIONS = NO;
				ENABLE_STRICT_OBJC_MSGSEND = YES;
				GCC_C_LANGUAGE_STANDARD = gnu11;
				GCC_NO_COMMON_BLOCKS = YES;
				GCC_WARN_64_TO_32_BIT_CONVERSION = YES;
				GCC_WARN_ABOUT_RETURN_TYPE = YES_ERROR;
				GCC_WARN_UNDECLARED_SELECTOR = YES;
				GCC_WARN_UNINITIALIZED_AUTOS = YES_AGGRESSIVE;
				GCC_WARN_UNUSED_FUNCTION = YES;
				GCC_WARN_UNUSED_VARIABLE = YES;
				IPHONEOS_DEPLOYMENT_TARGET = 12.1;
				MTL_ENABLE_DEBUG_INFO = NO;
				MTL_FAST_MATH = YES;
				SDKROOT = iphoneos;
				SWIFT_COMPILATION_MODE = wholemodule;
				SWIFT_OPTIMIZATION_LEVEL = "-O";
				VALIDATE_PRODUCT = YES;
			};
			name = Release;
		};
		619E875B22445E97009593E3 /* Debug */ = {
			isa = XCBuildConfiguration;
			buildSettings = {
				ASSETCATALOG_COMPILER_APPICON_NAME = AppIcon;
				CODE_SIGN_STYLE = Automatic;
				DEVELOPMENT_TEAM = 4SSF2365J6;
				INFOPLIST_FILE = collections/Info.plist;
				LD_RUNPATH_SEARCH_PATHS = (
					"$(inherited)",
					"@executable_path/Frameworks",
				);
				PRODUCT_BUNDLE_IDENTIFIER = net.alvox.collections;
				PRODUCT_NAME = "$(TARGET_NAME)";
				SWIFT_VERSION = 4.2;
				TARGETED_DEVICE_FAMILY = "1,2";
			};
			name = Debug;
		};
		619E875C22445E97009593E3 /* Release */ = {
			isa = XCBuildConfiguration;
			buildSettings = {
				ASSETCATALOG_COMPILER_APPICON_NAME = AppIcon;
				CODE_SIGN_STYLE = Automatic;
				DEVELOPMENT_TEAM = 4SSF2365J6;
				INFOPLIST_FILE = collections/Info.plist;
				LD_RUNPATH_SEARCH_PATHS = (
					"$(inherited)",
					"@executable_path/Frameworks",
				);
				PRODUCT_BUNDLE_IDENTIFIER = net.alvox.collections;
				PRODUCT_NAME = "$(TARGET_NAME)";
				SWIFT_VERSION = 4.2;
				TARGETED_DEVICE_FAMILY = "1,2";
			};
			name = Release;
		};
/* End XCBuildConfiguration section */

/* Begin XCConfigurationList section */
		619E874322445E96009593E3 /* Build configuration list for PBXProject "collections" */ = {
			isa = XCConfigurationList;
			buildConfigurations = (
				619E875822445E97009593E3 /* Debug */,
				619E875922445E97009593E3 /* Release */,
			);
			defaultConfigurationIsVisible = 0;
			defaultConfigurationName = Release;
		};
		619E875A22445E97009593E3 /* Build configuration list for PBXNativeTarget "collections" */ = {
			isa = XCConfigurationList;
			buildConfigurations = (
				619E875B22445E97009593E3 /* Debug */,
				619E875C22445E97009593E3 /* Release */,
			);
			defaultConfigurationIsVisible = 0;
			defaultConfigurationName = Release;
		};
/* End XCConfigurationList section */
	};
	rootObject = 619E874022445E96009593E3 /* Project object */;
}
